{
  "requires": true,
  "lockfileVersion": 1,
  "dependencies": {
    "@coreui/coreui": {
      "version": "4.1.0",
      "resolved": "https://registry.npmjs.org/@coreui/coreui/-/coreui-4.1.0.tgz",
      "integrity": "sha512-2iMKPpxXquN3ZyL44s6Urvsnk03iw+KuJk/AKz5spSgKReUr7AM3WEiaTNFNo1/ZypB67pg0966tT22BSmgkGg=="
    }
  }
}
